
Microsoft Visual Studio Solution File, Format Version 11.00
# Visual Studio 2010
Project("{2150E333-8FDC-42A3-9474-1A3956D46DE8}") = "Solution Items", "Solution Items", "{8512F21C-1A6F-496E-952C-FEB01BC6CDF6}"
	ProjectSection(SolutionItems) = preProject
		.gitignore = .gitignore
		build.cmd = build.cmd
		default.ps1 = default.ps1
		deploy.cmd = deploy.cmd
		launch-psake-shell.cmd = launch-psake-shell.cmd
	EndProjectSection
EndProject
Project("{FAE04EC0-301F-11D3-BF4B-00C04F79EFBC}") = "DemoWebApp", "DemoWebApp\DemoWebApp.csproj", "{4FFF50A7-CE9F-4837-96A9-BCABC9C8A7BC}"
EndProject
Project("{FAE04EC0-301F-11D3-BF4B-00C04F79EFBC}") = "DemoWebApp.Tests", "DemoWebApp.Tests\DemoWebApp.Tests.csproj", "{702C7A5C-0AC5-4A55-B760-BDB96C1AF906}"
EndProject
Global
	GlobalSection(SolutionConfigurationPlatforms) = preSolution
		Debug|Any CPU = Debug|Any CPU
		dev|Any CPU = dev|Any CPU
		production|Any CPU = production|Any CPU
		Release|Any CPU = Release|Any CPU
	EndGlobalSection
	GlobalSection(ProjectConfigurationPlatforms) = postSolution
		{4FFF50A7-CE9F-4837-96A9-BCABC9C8A7BC}.Debug|Any CPU.ActiveCfg = Debug|Any CPU
		{4FFF50A7-CE9F-4837-96A9-BCABC9C8A7BC}.Debug|Any CPU.Build.0 = Debug|Any CPU
		{4FFF50A7-CE9F-4837-96A9-BCABC9C8A7BC}.dev|Any CPU.ActiveCfg = dev|Any CPU
		{4FFF50A7-CE9F-4837-96A9-BCABC9C8A7BC}.dev|Any CPU.Build.0 = dev|Any CPU
		{4FFF50A7-CE9F-4837-96A9-BCABC9C8A7BC}.production|Any CPU.ActiveCfg = production|Any CPU
		{4FFF50A7-CE9F-4837-96A9-BCABC9C8A7BC}.production|Any CPU.Build.0 = production|Any CPU
		{4FFF50A7-CE9F-4837-96A9-BCABC9C8A7BC}.Release|Any CPU.ActiveCfg = Release|Any CPU
		{4FFF50A7-CE9F-4837-96A9-BCABC9C8A7BC}.Release|Any CPU.Build.0 = Release|Any CPU
		{702C7A5C-0AC5-4A55-B760-BDB96C1AF906}.Debug|Any CPU.ActiveCfg = Debug|Any CPU
		{702C7A5C-0AC5-4A55-B760-BDB96C1AF906}.Debug|Any CPU.Build.0 = Debug|Any CPU
		{702C7A5C-0AC5-4A55-B760-BDB96C1AF906}.dev|Any CPU.ActiveCfg = Debug|Any CPU
		{702C7A5C-0AC5-4A55-B760-BDB96C1AF906}.dev|Any CPU.Build.0 = Debug|Any CPU
		{702C7A5C-0AC5-4A55-B760-BDB96C1AF906}.production|Any CPU.ActiveCfg = Release|Any CPU
		{702C7A5C-0AC5-4A55-B760-BDB96C1AF906}.production|Any CPU.Build.0 = Release|Any CPU
		{702C7A5C-0AC5-4A55-B760-BDB96C1AF906}.Release|Any CPU.ActiveCfg = Release|Any CPU
		{702C7A5C-0AC5-4A55-B760-BDB96C1AF906}.Release|Any CPU.Build.0 = Release|Any CPU
	EndGlobalSection
	GlobalSection(SolutionProperties) = preSolution
		HideSolutionNode = FALSE
	EndGlobalSection
EndGlobal
